// !$*UTF8*$!
{
	archiveVersion = 1;
	classes = {
	};
	objectVersion = 55;
	objects = {

/* Begin PBXBuildFile section */
		211F5D112821E1CF00ED800F /* ProfileEditor.swift in Sources */ = {isa = PBXBuildFile; fileRef = 211F5D102821E1CF00ED800F /* ProfileEditor.swift */; };
		211F5D142821E4D400ED800F /* PageViewController.swift in Sources */ = {isa = PBXBuildFile; fileRef = 211F5D132821E4D400ED800F /* PageViewController.swift */; };
		211F5D162821E72A00ED800F /* FeatureCard.swift in Sources */ = {isa = PBXBuildFile; fileRef = 211F5D152821E72A00ED800F /* FeatureCard.swift */; };
		211F5D182821E85000ED800F /* PageView.swift in Sources */ = {isa = PBXBuildFile; fileRef = 211F5D172821E85000ED800F /* PageView.swift */; };
		21B3F0FE281C0155008CD56B /* LandmarksApp.swift in Sources */ = {isa = PBXBuildFile; fileRef = 21B3F0FD281C0155008CD56B /* LandmarksApp.swift */; };
		21B3F100281C0155008CD56B /* ContentView.swift in Sources */ = {isa = PBXBuildFile; fileRef = 21B3F0FF281C0155008CD56B /* ContentView.swift */; };
		21B3F102281C0157008CD56B /* Assets.xcassets in Resources */ = {isa = PBXBuildFile; fileRef = 21B3F101281C0157008CD56B /* Assets.xcassets */; };
		21B3F105281C0157008CD56B /* Preview Assets.xcassets in Resources */ = {isa = PBXBuildFile; fileRef = 21B3F104281C0157008CD56B /* Preview Assets.xcassets */; };
		21B3F10F281C0157008CD56B /* LandmarksTests.swift in Sources */ = {isa = PBXBuildFile; fileRef = 21B3F10E281C0157008CD56B /* LandmarksTests.swift */; };
		21B3F119281C0157008CD56B /* LandmarksUITests.swift in Sources */ = {isa = PBXBuildFile; fileRef = 21B3F118281C0157008CD56B /* LandmarksUITests.swift */; };
		21B3F11B281C0157008CD56B /* LandmarksUITestsLaunchTests.swift in Sources */ = {isa = PBXBuildFile; fileRef = 21B3F11A281C0157008CD56B /* LandmarksUITestsLaunchTests.swift */; };
		21B3F128281C0628008CD56B /* CircleImage.swift in Sources */ = {isa = PBXBuildFile; fileRef = 21B3F127281C0628008CD56B /* CircleImage.swift */; };
		21B3F12C281C07E7008CD56B /* MapView.swift in Sources */ = {isa = PBXBuildFile; fileRef = 21B3F12B281C07E7008CD56B /* MapView.swift */; };
		21B3F130281C145C008CD56B /* landmarkData.json in Resources */ = {isa = PBXBuildFile; fileRef = 21B3F12F281C145C008CD56B /* landmarkData.json */; };
		21B3F132281C148F008CD56B /* Landmark.swift in Sources */ = {isa = PBXBuildFile; fileRef = 21B3F131281C148F008CD56B /* Landmark.swift */; };
		21B3F134281C1686008CD56B /* ModelData.swift in Sources */ = {isa = PBXBuildFile; fileRef = 21B3F133281C1686008CD56B /* ModelData.swift */; };
		21B3F13B281C1850008CD56B /* LandmarkRow.swift in Sources */ = {isa = PBXBuildFile; fileRef = 21B3F13A281C1850008CD56B /* LandmarkRow.swift */; };
		21B3F13D281C1996008CD56B /* LandmarkList.swift in Sources */ = {isa = PBXBuildFile; fileRef = 21B3F13C281C1996008CD56B /* LandmarkList.swift */; };
		21B3F13F281C1A47008CD56B /* LandmarkDetail.swift in Sources */ = {isa = PBXBuildFile; fileRef = 21B3F13E281C1A47008CD56B /* LandmarkDetail.swift */; };
		21B3F141281C398E008CD56B /* FavoriteButton.swift in Sources */ = {isa = PBXBuildFile; fileRef = 21B3F140281C398E008CD56B /* FavoriteButton.swift */; };
		21B3F146281C3EDD008CD56B /* HexagonParameters.swift in Sources */ = {isa = PBXBuildFile; fileRef = 21B3F145281C3EDD008CD56B /* HexagonParameters.swift */; };
		21B3F148281C3FFD008CD56B /* BadgeBackground.swift in Sources */ = {isa = PBXBuildFile; fileRef = 21B3F147281C3FFC008CD56B /* BadgeBackground.swift */; };
		21B3F14A281C41B1008CD56B /* BadgeSymbol.swift in Sources */ = {isa = PBXBuildFile; fileRef = 21B3F149281C41B1008CD56B /* BadgeSymbol.swift */; };
		21B3F14C281C4216008CD56B /* RotatedBadgeSymbol.swift in Sources */ = {isa = PBXBuildFile; fileRef = 21B3F14B281C4216008CD56B /* RotatedBadgeSymbol.swift */; };
		21B3F14E281C4261008CD56B /* Badge.swift in Sources */ = {isa = PBXBuildFile; fileRef = 21B3F14D281C4261008CD56B /* Badge.swift */; };
		21B3F151281C693D008CD56B /* hikeData.json in Resources */ = {isa = PBXBuildFile; fileRef = 21B3F150281C693D008CD56B /* hikeData.json */; };
		21B3F153281C698D008CD56B /* Hike.swift in Sources */ = {isa = PBXBuildFile; fileRef = 21B3F152281C698D008CD56B /* Hike.swift */; };
		21B3F15B281C6C78008CD56B /* GraphCapsule.swift in Sources */ = {isa = PBXBuildFile; fileRef = 21B3F157281C6C78008CD56B /* GraphCapsule.swift */; };
		21B3F15C281C6C78008CD56B /* HikeGraph.swift in Sources */ = {isa = PBXBuildFile; fileRef = 21B3F158281C6C78008CD56B /* HikeGraph.swift */; };
		21B3F15D281C6C78008CD56B /* HikeDetail.swift in Sources */ = {isa = PBXBuildFile; fileRef = 21B3F159281C6C78008CD56B /* HikeDetail.swift */; };
		21B3F15E281C6C78008CD56B /* HikeView.swift in Sources */ = {isa = PBXBuildFile; fileRef = 21B3F15A281C6C78008CD56B /* HikeView.swift */; };
		21B3F161281C71AE008CD56B /* CategoryHome.swift in Sources */ = {isa = PBXBuildFile; fileRef = 21B3F160281C71AE008CD56B /* CategoryHome.swift */; };
		21B3F163281C72C3008CD56B /* CategoryRow.swift in Sources */ = {isa = PBXBuildFile; fileRef = 21B3F162281C72C3008CD56B /* CategoryRow.swift */; };
		21B3F165281C73A8008CD56B /* CategoryItem.swift in Sources */ = {isa = PBXBuildFile; fileRef = 21B3F164281C73A8008CD56B /* CategoryItem.swift */; };
		21B3F167281C791D008CD56B /* Profile.swift in Sources */ = {isa = PBXBuildFile; fileRef = 21B3F166281C791D008CD56B /* Profile.swift */; };
		21B3F16B281C7ACE008CD56B /* ProfileHost.swift in Sources */ = {isa = PBXBuildFile; fileRef = 21B3F16A281C7ACE008CD56B /* ProfileHost.swift */; };
		21B3F16D281C7B01008CD56B /* ProfileSummary.swift in Sources */ = {isa = PBXBuildFile; fileRef = 21B3F16C281C7B01008CD56B /* ProfileSummary.swift */; };
		21B3F171281C7BCB008CD56B /* HikeBadge.swift in Sources */ = {isa = PBXBuildFile; fileRef = 21B3F170281C7BCB008CD56B /* HikeBadge.swift */; };
/* End PBXBuildFile section */

/* Begin PBXContainerItemProxy section */
		21B3F10B281C0157008CD56B /* PBXContainerItemProxy */ = {
			isa = PBXContainerItemProxy;
			containerPortal = 21B3F0F2281C0154008CD56B /* Project object */;
			proxyType = 1;
			remoteGlobalIDString = 21B3F0F9281C0155008CD56B;
			remoteInfo = Landmarks;
		};
		21B3F115281C0157008CD56B /* PBXContainerItemProxy */ = {
			isa = PBXContainerItemProxy;
			containerPortal = 21B3F0F2281C0154008CD56B /* Project object */;
			proxyType = 1;
			remoteGlobalIDString = 21B3F0F9281C0155008CD56B;
			remoteInfo = Landmarks;
		};
/* End PBXContainerItemProxy section */

/* Begin PBXFileReference section */
		211F5D102821E1CF00ED800F /* ProfileEditor.swift */ = {isa = PBXFileReference; lastKnownFileType = sourcecode.swift; path = ProfileEditor.swift; sourceTree = "<group>"; };
		211F5D132821E4D400ED800F /* PageViewController.swift */ = {isa = PBXFileReference; lastKnownFileType = sourcecode.swift; path = PageViewController.swift; sourceTree = "<group>"; };
		211F5D152821E72A00ED800F /* FeatureCard.swift */ = {isa = PBXFileReference; lastKnownFileType = sourcecode.swift; path = FeatureCard.swift; sourceTree = "<group>"; };
		211F5D172821E85000ED800F /* PageView.swift */ = {isa = PBXFileReference; lastKnownFileType = sourcecode.swift; path = PageView.swift; sourceTree = "<group>"; };
		21B3F0FA281C0155008CD56B /* Landmarks.app */ = {isa = PBXFileReference; explicitFileType = wrapper.application; includeInIndex = 0; path = Landmarks.app; sourceTree = BUILT_PRODUCTS_DIR; };
		21B3F0FD281C0155008CD56B /* LandmarksApp.swift */ = {isa = PBXFileReference; lastKnownFileType = sourcecode.swift; path = LandmarksApp.swift; sourceTree = "<group>"; };
		21B3F0FF281C0155008CD56B /* ContentView.swift */ = {isa = PBXFileReference; lastKnownFileType = sourcecode.swift; path = ContentView.swift; sourceTree = "<group>"; };
		21B3F101281C0157008CD56B /* Assets.xcassets */ = {isa = PBXFileReference; lastKnownFileType = folder.assetcatalog; path = Assets.xcassets; sourceTree = "<group>"; };
		21B3F104281C0157008CD56B /* Preview Assets.xcassets */ = {isa = PBXFileReference; lastKnownFileType = folder.assetcatalog; path = "Preview Assets.xcassets"; sourceTree = "<group>"; };
		21B3F10A281C0157008CD56B /* LandmarksTests.xctest */ = {isa = PBXFileReference; explicitFileType = wrapper.cfbundle; includeInIndex = 0; path = LandmarksTests.xctest; sourceTree = BUILT_PRODUCTS_DIR; };
		21B3F10E281C0157008CD56B /* LandmarksTests.swift */ = {isa = PBXFileReference; lastKnownFileType = sourcecode.swift; path = LandmarksTests.swift; sourceTree = "<group>"; };
		21B3F114281C0157008CD56B /* LandmarksUITests.xctest */ = {isa = PBXFileReference; explicitFileType = wrapper.cfbundle; includeInIndex = 0; path = LandmarksUITests.xctest; sourceTree = BUILT_PRODUCTS_DIR; };
		21B3F118281C0157008CD56B /* LandmarksUITests.swift */ = {isa = PBXFileReference; lastKnownFileType = sourcecode.swift; path = LandmarksUITests.swift; sourceTree = "<group>"; };
		21B3F11A281C0157008CD56B /* LandmarksUITestsLaunchTests.swift */ = {isa = PBXFileReference; lastKnownFileType = sourcecode.swift; path = LandmarksUITestsLaunchTests.swift; sourceTree = "<group>"; };
		21B3F127281C0628008CD56B /* CircleImage.swift */ = {isa = PBXFileReference; lastKnownFileType = sourcecode.swift; path = CircleImage.swift; sourceTree = "<group>"; };
		21B3F12B281C07E7008CD56B /* MapView.swift */ = {isa = PBXFileReference; lastKnownFileType = sourcecode.swift; path = MapView.swift; sourceTree = "<group>"; };
		21B3F12F281C145C008CD56B /* landmarkData.json */ = {isa = PBXFileReference; fileEncoding = 4; lastKnownFileType = text.json; path = landmarkData.json; sourceTree = "<group>"; };
		21B3F131281C148F008CD56B /* Landmark.swift */ = {isa = PBXFileReference; lastKnownFileType = sourcecode.swift; path = Landmark.swift; sourceTree = "<group>"; };
		21B3F133281C1686008CD56B /* ModelData.swift */ = {isa = PBXFileReference; lastKnownFileType = sourcecode.swift; path = ModelData.swift; sourceTree = "<group>"; };
		21B3F13A281C1850008CD56B /* LandmarkRow.swift */ = {isa = PBXFileReference; lastKnownFileType = sourcecode.swift; path = LandmarkRow.swift; sourceTree = "<group>"; };
		21B3F13C281C1996008CD56B /* LandmarkList.swift */ = {isa = PBXFileReference; lastKnownFileType = sourcecode.swift; path = LandmarkList.swift; sourceTree = "<group>"; };
		21B3F13E281C1A47008CD56B /* LandmarkDetail.swift */ = {isa = PBXFileReference; lastKnownFileType = sourcecode.swift; path = LandmarkDetail.swift; sourceTree = "<group>"; };
		21B3F140281C398E008CD56B /* FavoriteButton.swift */ = {isa = PBXFileReference; lastKnownFileType = sourcecode.swift; path = FavoriteButton.swift; sourceTree = "<group>"; };
		21B3F145281C3EDD008CD56B /* HexagonParameters.swift */ = {isa = PBXFileReference; lastKnownFileType = sourcecode.swift; path = HexagonParameters.swift; sourceTree = "<group>"; };
		21B3F147281C3FFC008CD56B /* BadgeBackground.swift */ = {isa = PBXFileReference; lastKnownFileType = sourcecode.swift; path = BadgeBackground.swift; sourceTree = "<group>"; };
		21B3F149281C41B1008CD56B /* BadgeSymbol.swift */ = {isa = PBXFileReference; lastKnownFileType = sourcecode.swift; path = BadgeSymbol.swift; sourceTree = "<group>"; };
		21B3F14B281C4216008CD56B /* RotatedBadgeSymbol.swift */ = {isa = PBXFileReference; lastKnownFileType = sourcecode.swift; path = RotatedBadgeSymbol.swift; sourceTree = "<group>"; };
		21B3F14D281C4261008CD56B /* Badge.swift */ = {isa = PBXFileReference; lastKnownFileType = sourcecode.swift; path = Badge.swift; sourceTree = "<group>"; };
		21B3F150281C693D008CD56B /* hikeData.json */ = {isa = PBXFileReference; fileEncoding = 4; lastKnownFileType = text.json; path = hikeData.json; sourceTree = "<group>"; };
		21B3F152281C698D008CD56B /* Hike.swift */ = {isa = PBXFileReference; lastKnownFileType = sourcecode.swift; path = Hike.swift; sourceTree = "<group>"; };
		21B3F157281C6C78008CD56B /* GraphCapsule.swift */ = {isa = PBXFileReference; fileEncoding = 4; lastKnownFileType = sourcecode.swift; path = GraphCapsule.swift; sourceTree = "<group>"; };
		21B3F158281C6C78008CD56B /* HikeGraph.swift */ = {isa = PBXFileReference; fileEncoding = 4; lastKnownFileType = sourcecode.swift; path = HikeGraph.swift; sourceTree = "<group>"; };
		21B3F159281C6C78008CD56B /* HikeDetail.swift */ = {isa = PBXFileReference; fileEncoding = 4; lastKnownFileType = sourcecode.swift; path = HikeDetail.swift; sourceTree = "<group>"; };
		21B3F15A281C6C78008CD56B /* HikeView.swift */ = {isa = PBXFileReference; fileEncoding = 4; lastKnownFileType = sourcecode.swift; path = HikeView.swift; sourceTree = "<group>"; };
		21B3F160281C71AE008CD56B /* CategoryHome.swift */ = {isa = PBXFileReference; lastKnownFileType = sourcecode.swift; path = CategoryHome.swift; sourceTree = "<group>"; };
		21B3F162281C72C3008CD56B /* CategoryRow.swift */ = {isa = PBXFileReference; lastKnownFileType = sourcecode.swift; path = CategoryRow.swift; sourceTree = "<group>"; };
		21B3F164281C73A8008CD56B /* CategoryItem.swift */ = {isa = PBXFileReference; lastKnownFileType = sourcecode.swift; path = CategoryItem.swift; sourceTree = "<group>"; };
		21B3F166281C791D008CD56B /* Profile.swift */ = {isa = PBXFileReference; lastKnownFileType = sourcecode.swift; path = Profile.swift; sourceTree = "<group>"; };
		21B3F16A281C7ACE008CD56B /* ProfileHost.swift */ = {isa = PBXFileReference; lastKnownFileType = sourcecode.swift; path = ProfileHost.swift; sourceTree = "<group>"; };
		21B3F16C281C7B01008CD56B /* ProfileSummary.swift */ = {isa = PBXFileReference; lastKnownFileType = sourcecode.swift; path = ProfileSummary.swift; sourceTree = "<group>"; };
		21B3F170281C7BCB008CD56B /* HikeBadge.swift */ = {isa = PBXFileReference; lastKnownFileType = sourcecode.swift; path = HikeBadge.swift; sourceTree = "<group>"; };
/* End PBXFileReference section */

/* Begin PBXFrameworksBuildPhase section */
		21B3F0F7281C0155008CD56B /* Frameworks */ = {
			isa = PBXFrameworksBuildPhase;
			buildActionMask = 2147483647;
			files = (
			);
			runOnlyForDeploymentPostprocessing = 0;
		};
		21B3F107281C0157008CD56B /* Frameworks */ = {
			isa = PBXFrameworksBuildPhase;
			buildActionMask = 2147483647;
			files = (
			);
			runOnlyForDeploymentPostprocessing = 0;
		};
		21B3F111281C0157008CD56B /* Frameworks */ = {
			isa = PBXFrameworksBuildPhase;
			buildActionMask = 2147483647;
			files = (
			);
			runOnlyForDeploymentPostprocessing = 0;
		};
/* End PBXFrameworksBuildPhase section */

/* Begin PBXGroup section */
		211F5D122821E4B900ED800F /* PageView */ = {
			isa = PBXGroup;
			children = (
				211F5D132821E4D400ED800F /* PageViewController.swift */,
				211F5D172821E85000ED800F /* PageView.swift */,
			);
			path = PageView;
			sourceTree = "<group>";
		};
		21B3F0F1281C0154008CD56B = {
			isa = PBXGroup;
			children = (
				21B3F0FC281C0155008CD56B /* Landmarks */,
				21B3F10D281C0157008CD56B /* LandmarksTests */,
				21B3F117281C0157008CD56B /* LandmarksUITests */,
				21B3F0FB281C0155008CD56B /* Products */,
			);
			sourceTree = "<group>";
		};
		21B3F0FB281C0155008CD56B /* Products */ = {
			isa = PBXGroup;
			children = (
				21B3F0FA281C0155008CD56B /* Landmarks.app */,
				21B3F10A281C0157008CD56B /* LandmarksTests.xctest */,
				21B3F114281C0157008CD56B /* LandmarksUITests.xctest */,
			);
			name = Products;
			sourceTree = "<group>";
		};
		21B3F0FC281C0155008CD56B /* Landmarks */ = {
			isa = PBXGroup;
			children = (
				21B3F0FD281C0155008CD56B /* LandmarksApp.swift */,
				21B3F137281C17B5008CD56B /* Resources */,
				21B3F136281C17AB008CD56B /* Models */,
				21B3F135281C17A0008CD56B /* Views */,
				21B3F101281C0157008CD56B /* Assets.xcassets */,
				21B3F103281C0157008CD56B /* Preview Content */,
			);
			path = Landmarks;
			sourceTree = "<group>";
		};
		21B3F103281C0157008CD56B /* Preview Content */ = {
			isa = PBXGroup;
			children = (
				21B3F104281C0157008CD56B /* Preview Assets.xcassets */,
			);
			path = "Preview Content";
			sourceTree = "<group>";
		};
		21B3F10D281C0157008CD56B /* LandmarksTests */ = {
			isa = PBXGroup;
			children = (
				21B3F10E281C0157008CD56B /* LandmarksTests.swift */,
			);
			path = LandmarksTests;
			sourceTree = "<group>";
		};
		21B3F117281C0157008CD56B /* LandmarksUITests */ = {
			isa = PBXGroup;
			children = (
				21B3F118281C0157008CD56B /* LandmarksUITests.swift */,
				21B3F11A281C0157008CD56B /* LandmarksUITestsLaunchTests.swift */,
			);
			path = LandmarksUITests;
			sourceTree = "<group>";
		};
		21B3F135281C17A0008CD56B /* Views */ = {
			isa = PBXGroup;
			children = (
				211F5D122821E4B900ED800F /* PageView */,
				21B3F0FF281C0155008CD56B /* ContentView.swift */,
				21B3F169281C7954008CD56B /* Profiles */,
				21B3F15F281C719E008CD56B /* Catories */,
				21B3F156281C6C78008CD56B /* Hikes */,
				21B3F14F281C42E9008CD56B /* Badge */,
				21B3F142281C3A5A008CD56B /* Landmarks */,
				21B3F143281C3A68008CD56B /* Helpers */,
				211F5D152821E72A00ED800F /* FeatureCard.swift */,
			);
			path = Views;
			sourceTree = "<group>";
		};
		21B3F136281C17AB008CD56B /* Models */ = {
			isa = PBXGroup;
			children = (
				21B3F131281C148F008CD56B /* Landmark.swift */,
				21B3F133281C1686008CD56B /* ModelData.swift */,
				21B3F152281C698D008CD56B /* Hike.swift */,
				21B3F166281C791D008CD56B /* Profile.swift */,
			);
			path = Models;
			sourceTree = "<group>";
		};
		21B3F137281C17B5008CD56B /* Resources */ = {
			isa = PBXGroup;
			children = (
				21B3F12F281C145C008CD56B /* landmarkData.json */,
				21B3F150281C693D008CD56B /* hikeData.json */,
			);
			path = Resources;
			sourceTree = "<group>";
		};
		21B3F142281C3A5A008CD56B /* Landmarks */ = {
			isa = PBXGroup;
			children = (
				21B3F13A281C1850008CD56B /* LandmarkRow.swift */,
				21B3F13C281C1996008CD56B /* LandmarkList.swift */,
				21B3F13E281C1A47008CD56B /* LandmarkDetail.swift */,
			);
			path = Landmarks;
			sourceTree = "<group>";
		};
		21B3F143281C3A68008CD56B /* Helpers */ = {
			isa = PBXGroup;
			children = (
				21B3F127281C0628008CD56B /* CircleImage.swift */,
				21B3F12B281C07E7008CD56B /* MapView.swift */,
				21B3F140281C398E008CD56B /* FavoriteButton.swift */,
			);
			path = Helpers;
			sourceTree = "<group>";
		};
		21B3F14F281C42E9008CD56B /* Badge */ = {
			isa = PBXGroup;
			children = (
				21B3F145281C3EDD008CD56B /* HexagonParameters.swift */,
				21B3F147281C3FFC008CD56B /* BadgeBackground.swift */,
				21B3F149281C41B1008CD56B /* BadgeSymbol.swift */,
				21B3F14B281C4216008CD56B /* RotatedBadgeSymbol.swift */,
				21B3F14D281C4261008CD56B /* Badge.swift */,
			);
			path = Badge;
			sourceTree = "<group>";
		};
		21B3F156281C6C78008CD56B /* Hikes */ = {
			isa = PBXGroup;
			children = (
				21B3F157281C6C78008CD56B /* GraphCapsule.swift */,
				21B3F158281C6C78008CD56B /* HikeGraph.swift */,
				21B3F159281C6C78008CD56B /* HikeDetail.swift */,
				21B3F15A281C6C78008CD56B /* HikeView.swift */,
				21B3F170281C7BCB008CD56B /* HikeBadge.swift */,
			);
			path = Hikes;
			sourceTree = "<group>";
		};
		21B3F15F281C719E008CD56B /* Catories */ = {
			isa = PBXGroup;
			children = (
				21B3F160281C71AE008CD56B /* CategoryHome.swift */,
				21B3F162281C72C3008CD56B /* CategoryRow.swift */,
				21B3F164281C73A8008CD56B /* CategoryItem.swift */,
			);
			path = Catories;
			sourceTree = "<group>";
		};
		21B3F169281C7954008CD56B /* Profiles */ = {
			isa = PBXGroup;
			children = (
				21B3F16A281C7ACE008CD56B /* ProfileHost.swift */,
				21B3F16C281C7B01008CD56B /* ProfileSummary.swift */,
				211F5D102821E1CF00ED800F /* ProfileEditor.swift */,
			);
			path = Profiles;
			sourceTree = "<group>";
		};
/* End PBXGroup section */

/* Begin PBXNativeTarget section */
		21B3F0F9281C0155008CD56B /* Landmarks */ = {
			isa = PBXNativeTarget;
			buildConfigurationList = 21B3F11E281C0157008CD56B /* Build configuration list for PBXNativeTarget "Landmarks" */;
			buildPhases = (
				21B3F0F6281C0155008CD56B /* Sources */,
				21B3F0F7281C0155008CD56B /* Frameworks */,
				21B3F0F8281C0155008CD56B /* Resources */,
			);
			buildRules = (
			);
			dependencies = (
			);
			name = Landmarks;
			productName = Landmarks;
			productReference = 21B3F0FA281C0155008CD56B /* Landmarks.app */;
			productType = "com.apple.product-type.application";
		};
		21B3F109281C0157008CD56B /* LandmarksTests */ = {
			isa = PBXNativeTarget;
			buildConfigurationList = 21B3F121281C0157008CD56B /* Build configuration list for PBXNativeTarget "LandmarksTests" */;
			buildPhases = (
				21B3F106281C0157008CD56B /* Sources */,
				21B3F107281C0157008CD56B /* Frameworks */,
				21B3F108281C0157008CD56B /* Resources */,
			);
			buildRules = (
			);
			dependencies = (
				21B3F10C281C0157008CD56B /* PBXTargetDependency */,
			);
			name = LandmarksTests;
			productName = LandmarksTests;
			productReference = 21B3F10A281C0157008CD56B /* LandmarksTests.xctest */;
			productType = "com.apple.product-type.bundle.unit-test";
		};
		21B3F113281C0157008CD56B /* LandmarksUITests */ = {
			isa = PBXNativeTarget;
			buildConfigurationList = 21B3F124281C0157008CD56B /* Build configuration list for PBXNativeTarget "LandmarksUITests" */;
			buildPhases = (
				21B3F110281C0157008CD56B /* Sources */,
				21B3F111281C0157008CD56B /* Frameworks */,
				21B3F112281C0157008CD56B /* Resources */,
			);
			buildRules = (
			);
			dependencies = (
				21B3F116281C0157008CD56B /* PBXTargetDependency */,
			);
			name = LandmarksUITests;
			productName = LandmarksUITests;
			productReference = 21B3F114281C0157008CD56B /* LandmarksUITests.xctest */;
			productType = "com.apple.product-type.bundle.ui-testing";
		};
/* End PBXNativeTarget section */

/* Begin PBXProject section */
		21B3F0F2281C0154008CD56B /* Project object */ = {
			isa = PBXProject;
			attributes = {
				BuildIndependentTargetsInParallel = 1;
				LastSwiftUpdateCheck = 1330;
				LastUpgradeCheck = 1330;
				TargetAttributes = {
					21B3F0F9281C0155008CD56B = {
						CreatedOnToolsVersion = 13.3.1;
					};
					21B3F109281C0157008CD56B = {
						CreatedOnToolsVersion = 13.3.1;
						TestTargetID = 21B3F0F9281C0155008CD56B;
					};
					21B3F113281C0157008CD56B = {
						CreatedOnToolsVersion = 13.3.1;
						TestTargetID = 21B3F0F9281C0155008CD56B;
					};
				};
			};
			buildConfigurationList = 21B3F0F5281C0154008CD56B /* Build configuration list for PBXProject "Landmarks" */;
			compatibilityVersion = "Xcode 13.0";
			developmentRegion = en;
			hasScannedForEncodings = 0;
			knownRegions = (
				en,
				Base,
			);
			mainGroup = 21B3F0F1281C0154008CD56B;
			productRefGroup = 21B3F0FB281C0155008CD56B /* Products */;
			projectDirPath = "";
			projectRoot = "";
			targets = (
				21B3F0F9281C0155008CD56B /* Landmarks */,
				21B3F109281C0157008CD56B /* LandmarksTests */,
				21B3F113281C0157008CD56B /* LandmarksUITests */,
			);
		};
/* End PBXProject section */

/* Begin PBXResourcesBuildPhase section */
		21B3F0F8281C0155008CD56B /* Resources */ = {
			isa = PBXResourcesBuildPhase;
			buildActionMask = 2147483647;
			files = (
				21B3F151281C693D008CD56B /* hikeData.json in Resources */,
				21B3F105281C0157008CD56B /* Preview Assets.xcassets in Resources */,
				21B3F102281C0157008CD56B /* Assets.xcassets in Resources */,
				21B3F130281C145C008CD56B /* landmarkData.json in Resources */,
			);
			runOnlyForDeploymentPostprocessing = 0;
		};
		21B3F108281C0157008CD56B /* Resources */ = {
			isa = PBXResourcesBuildPhase;
			buildActionMask = 2147483647;
			files = (
			);
			runOnlyForDeploymentPostprocessing = 0;
		};
		21B3F112281C0157008CD56B /* Resources */ = {
			isa = PBXResourcesBuildPhase;
			buildActionMask = 2147483647;
			files = (
			);
			runOnlyForDeploymentPostprocessing = 0;
		};
/* End PBXResourcesBuildPhase section */

/* Begin PBXSourcesBuildPhase section */
		21B3F0F6281C0155008CD56B /* Sources */ = {
			isa = PBXSourcesBuildPhase;
			buildActionMask = 2147483647;
			files = (
				21B3F163281C72C3008CD56B /* CategoryRow.swift in Sources */,
				21B3F167281C791D008CD56B /* Profile.swift in Sources */,
				21B3F100281C0155008CD56B /* ContentView.swift in Sources */,
				21B3F161281C71AE008CD56B /* CategoryHome.swift in Sources */,
				211F5D162821E72A00ED800F /* FeatureCard.swift in Sources */,
				21B3F15C281C6C78008CD56B /* HikeGraph.swift in Sources */,
				21B3F14E281C4261008CD56B /* Badge.swift in Sources */,
				21B3F12C281C07E7008CD56B /* MapView.swift in Sources */,
				21B3F15B281C6C78008CD56B /* GraphCapsule.swift in Sources */,
				21B3F0FE281C0155008CD56B /* LandmarksApp.swift in Sources */,
				21B3F141281C398E008CD56B /* FavoriteButton.swift in Sources */,
				21B3F165281C73A8008CD56B /* CategoryItem.swift in Sources */,
				21B3F15D281C6C78008CD56B /* HikeDetail.swift in Sources */,
				21B3F16D281C7B01008CD56B /* ProfileSummary.swift in Sources */,
				21B3F146281C3EDD008CD56B /* HexagonParameters.swift in Sources */,
				21B3F16B281C7ACE008CD56B /* ProfileHost.swift in Sources */,
				21B3F153281C698D008CD56B /* Hike.swift in Sources */,
				21B3F14C281C4216008CD56B /* RotatedBadgeSymbol.swift in Sources */,
				211F5D182821E85000ED800F /* PageView.swift in Sources */,
				21B3F14A281C41B1008CD56B /* BadgeSymbol.swift in Sources */,
				211F5D112821E1CF00ED800F /* ProfileEditor.swift in Sources */,
				21B3F13D281C1996008CD56B /* LandmarkList.swift in Sources */,
				21B3F15E281C6C78008CD56B /* HikeView.swift in Sources */,
				21B3F13F281C1A47008CD56B /* LandmarkDetail.swift in Sources */,
				211F5D142821E4D400ED800F /* PageViewController.swift in Sources */,
				21B3F148281C3FFD008CD56B /* BadgeBackground.swift in Sources */,
				21B3F171281C7BCB008CD56B /* HikeBadge.swift in Sources */,
				21B3F128281C0628008CD56B /* CircleImage.swift in Sources */,
				21B3F132281C148F008CD56B /* Landmark.swift in Sources */,
				21B3F13B281C1850008CD56B /* LandmarkRow.swift in Sources */,
				21B3F134281C1686008CD56B /* ModelData.swift in Sources */,
			);
			runOnlyForDeploymentPostprocessing = 0;
		};
		21B3F106281C0157008CD56B /* Sources */ = {
			isa = PBXSourcesBuildPhase;
			buildActionMask = 2147483647;
			files = (
				21B3F10F281C0157008CD56B /* LandmarksTests.swift in Sources */,
			);
			runOnlyForDeploymentPostprocessing = 0;
		};
		21B3F110281C0157008CD56B /* Sources */ = {
			isa = PBXSourcesBuildPhase;
			buildActionMask = 2147483647;
			files = (
				21B3F11B281C0157008CD56B /* LandmarksUITestsLaunchTests.swift in Sources */,
				21B3F119281C0157008CD56B /* LandmarksUITests.swift in Sources */,
			);
			runOnlyForDeploymentPostprocessing = 0;
		};
/* End PBXSourcesBuildPhase section */

/* Begin PBXTargetDependency section */
		21B3F10C281C0157008CD56B /* PBXTargetDependency */ = {
			isa = PBXTargetDependency;
			target = 21B3F0F9281C0155008CD56B /* Landmarks */;
			targetProxy = 21B3F10B281C0157008CD56B /* PBXContainerItemProxy */;
		};
		21B3F116281C0157008CD56B /* PBXTargetDependency */ = {
			isa = PBXTargetDependency;
			target = 21B3F0F9281C0155008CD56B /* Landmarks */;
			targetProxy = 21B3F115281C0157008CD56B /* PBXContainerItemProxy */;
		};
/* End PBXTargetDependency section */

/* Begin XCBuildConfiguration section */
		21B3F11C281C0157008CD56B /* Debug */ = {
			isa = XCBuildConfiguration;
			buildSettings = {
				ALWAYS_SEARCH_USER_PATHS = NO;
				CLANG_ANALYZER_NONNULL = YES;
				CLANG_ANALYZER_NUMBER_OBJECT_CONVERSION = YES_AGGRESSIVE;
				CLANG_CXX_LANGUAGE_STANDARD = "gnu++17";
				CLANG_ENABLE_MODULES = YES;
				CLANG_ENABLE_OBJC_ARC = YES;
				CLANG_ENABLE_OBJC_WEAK = YES;
				CLANG_WARN_BLOCK_CAPTURE_AUTORELEASING = YES;
				CLANG_WARN_BOOL_CONVERSION = YES;
				CLANG_WARN_COMMA = YES;
				CLANG_WARN_CONSTANT_CONVERSION = YES;
				CLANG_WARN_DEPRECATED_OBJC_IMPLEMENTATIONS = YES;
				CLANG_WARN_DIRECT_OBJC_ISA_USAGE = YES_ERROR;
				CLANG_WARN_DOCUMENTATION_COMMENTS = YES;
				CLANG_WARN_EMPTY_BODY = YES;
				CLANG_WARN_ENUM_CONVERSION = YES;
				CLANG_WARN_INFINITE_RECURSION = YES;
				CLANG_WARN_INT_CONVERSION = YES;
				CLANG_WARN_NON_LITERAL_NULL_CONVERSION = YES;
				CLANG_WARN_OBJC_IMPLICIT_RETAIN_SELF = YES;
				CLANG_WARN_OBJC_LITERAL_CONVERSION = YES;
				CLANG_WARN_OBJC_ROOT_CLASS = YES_ERROR;
				CLANG_WARN_QUOTED_INCLUDE_IN_FRAMEWORK_HEADER = YES;
				CLANG_WARN_RANGE_LOOP_ANALYSIS = YES;
				CLANG_WARN_STRICT_PROTOTYPES = YES;
				CLANG_WARN_SUSPICIOUS_MOVE = YES;
				CLANG_WARN_UNGUARDED_AVAILABILITY = YES_AGGRESSIVE;
				CLANG_WARN_UNREACHABLE_CODE = YES;
				CLANG_WARN__DUPLICATE_METHOD_MATCH = YES;
				COPY_PHASE_STRIP = NO;
				DEBUG_INFORMATION_FORMAT = dwarf;
				ENABLE_STRICT_OBJC_MSGSEND = YES;
				ENABLE_TESTABILITY = YES;
				GCC_C_LANGUAGE_STANDARD = gnu11;
				GCC_DYNAMIC_NO_PIC = NO;
				GCC_NO_COMMON_BLOCKS = YES;
				GCC_OPTIMIZATION_LEVEL = 0;
				GCC_PREPROCESSOR_DEFINITIONS = (
					"DEBUG=1",
					"$(inherited)",
				);
				GCC_WARN_64_TO_32_BIT_CONVERSION = YES;
				GCC_WARN_ABOUT_RETURN_TYPE = YES_ERROR;
				GCC_WARN_UNDECLARED_SELECTOR = YES;
				GCC_WARN_UNINITIALIZED_AUTOS = YES_AGGRESSIVE;
				GCC_WARN_UNUSED_FUNCTION = YES;
				GCC_WARN_UNUSED_VARIABLE = YES;
				IPHONEOS_DEPLOYMENT_TARGET = 15.4;
				MTL_ENABLE_DEBUG_INFO = INCLUDE_SOURCE;
				MTL_FAST_MATH = YES;
				ONLY_ACTIVE_ARCH = YES;
				SDKROOT = iphoneos;
				SWIFT_ACTIVE_COMPILATION_CONDITIONS = DEBUG;
				SWIFT_OPTIMIZATION_LEVEL = "-Onone";
			};
			name = Debug;
		};
		21B3F11D281C0157008CD56B /* Release */ = {
			isa = XCBuildConfiguration;
			buildSettings = {
				ALWAYS_SEARCH_USER_PATHS = NO;
				CLANG_ANALYZER_NONNULL = YES;
				CLANG_ANALYZER_NUMBER_OBJECT_CONVERSION = YES_AGGRESSIVE;
				CLANG_CXX_LANGUAGE_STANDARD = "gnu++17";
				CLANG_ENABLE_MODULES = YES;
				CLANG_ENABLE_OBJC_ARC = YES;
				CLANG_ENABLE_OBJC_WEAK = YES;
				CLANG_WARN_BLOCK_CAPTURE_AUTORELEASING = YES;
				CLANG_WARN_BOOL_CONVERSION = YES;
				CLANG_WARN_COMMA = YES;
				CLANG_WARN_CONSTANT_CONVERSION = YES;
				CLANG_WARN_DEPRECATED_OBJC_IMPLEMENTATIONS = YES;
				CLANG_WARN_DIRECT_OBJC_ISA_USAGE = YES_ERROR;
				CLANG_WARN_DOCUMENTATION_COMMENTS = YES;
				CLANG_WARN_EMPTY_BODY = YES;
				CLANG_WARN_ENUM_CONVERSION = YES;
				CLANG_WARN_INFINITE_RECURSION = YES;
				CLANG_WARN_INT_CONVERSION = YES;
				CLANG_WARN_NON_LITERAL_NULL_CONVERSION = YES;
				CLANG_WARN_OBJC_IMPLICIT_RETAIN_SELF = YES;
				CLANG_WARN_OBJC_LITERAL_CONVERSION = YES;
				CLANG_WARN_OBJC_ROOT_CLASS = YES_ERROR;
				CLANG_WARN_QUOTED_INCLUDE_IN_FRAMEWORK_HEADER = YES;
				CLANG_WARN_RANGE_LOOP_ANALYSIS = YES;
				CLANG_WARN_STRICT_PROTOTYPES = YES;
				CLANG_WARN_SUSPICIOUS_MOVE = YES;
				CLANG_WARN_UNGUARDED_AVAILABILITY = YES_AGGRESSIVE;
				CLANG_WARN_UNREACHABLE_CODE = YES;
				CLANG_WARN__DUPLICATE_METHOD_MATCH = YES;
				COPY_PHASE_STRIP = NO;
				DEBUG_INFORMATION_FORMAT = "dwarf-with-dsym";
				ENABLE_NS_ASSERTIONS = NO;
				ENABLE_STRICT_OBJC_MSGSEND = YES;
				GCC_C_LANGUAGE_STANDARD = gnu11;
				GCC_NO_COMMON_BLOCKS = YES;
				GCC_WARN_64_TO_32_BIT_CONVERSION = YES;
				GCC_WARN_ABOUT_RETURN_TYPE = YES_ERROR;
				GCC_WARN_UNDECLARED_SELECTOR = YES;
				GCC_WARN_UNINITIALIZED_AUTOS = YES_AGGRESSIVE;
				GCC_WARN_UNUSED_FUNCTION = YES;
				GCC_WARN_UNUSED_VARIABLE = YES;
				IPHONEOS_DEPLOYMENT_TARGET = 15.4;
				MTL_ENABLE_DEBUG_INFO = NO;
				MTL_FAST_MATH = YES;
				SDKROOT = iphoneos;
				SWIFT_COMPILATION_MODE = wholemodule;
				SWIFT_OPTIMIZATION_LEVEL = "-O";
				VALIDATE_PRODUCT = YES;
			};
			name = Release;
		};
		21B3F11F281C0157008CD56B /* Debug */ = {
			isa = XCBuildConfiguration;
			buildSettings = {
				ASSETCATALOG_COMPILER_APPICON_NAME = AppIcon;
				ASSETCATALOG_COMPILER_GLOBAL_ACCENT_COLOR_NAME = AccentColor;
				CODE_SIGN_STYLE = Automatic;
				CURRENT_PROJECT_VERSION = 1;
				DEVELOPMENT_ASSET_PATHS = "\"Landmarks/Preview Content\"";
				ENABLE_PREVIEWS = YES;
				GENERATE_INFOPLIST_FILE = YES;
				INFOPLIST_KEY_UIApplicationSceneManifest_Generation = YES;
				INFOPLIST_KEY_UIApplicationSupportsIndirectInputEvents = YES;
				INFOPLIST_KEY_UILaunchScreen_Generation = YES;
				INFOPLIST_KEY_UISupportedInterfaceOrientations_iPad = "UIInterfaceOrientationPortrait UIInterfaceOrientationPortraitUpsideDown UIInterfaceOrientationLandscapeLeft UIInterfaceOrientationLandscapeRight";
				INFOPLIST_KEY_UISupportedInterfaceOrientations_iPhone = "UIInterfaceOrientationPortrait UIInterfaceOrientationLandscapeLeft UIInterfaceOrientationLandscapeRight";
				LD_RUNPATH_SEARCH_PATHS = (
					"$(inherited)",
					"@executable_path/Frameworks",
				);
				MARKETING_VERSION = 1.0;
				PRODUCT_BUNDLE_IDENTIFIER = "io.interaction-dynamics.Landmarks";
				PRODUCT_NAME = "$(TARGET_NAME)";
				SWIFT_EMIT_LOC_STRINGS = YES;
				SWIFT_VERSION = 5.0;
				TARGETED_DEVICE_FAMILY = "1,2";
			};
			name = Debug;
		};
		21B3F120281C0157008CD56B /* Release */ = {
			isa = XCBuildConfiguration;
			buildSettings = {
				ASSETCATALOG_COMPILER_APPICON_NAME = AppIcon;
				ASSETCATALOG_COMPILER_GLOBAL_ACCENT_COLOR_NAME = AccentColor;
				CODE_SIGN_STYLE = Automatic;
				CURRENT_PROJECT_VERSION = 1;
				DEVELOPMENT_ASSET_PATHS = "\"Landmarks/Preview Content\"";
				ENABLE_PREVIEWS = YES;
				GENERATE_INFOPLIST_FILE = YES;
				INFOPLIST_KEY_UIApplicationSceneManifest_Generation = YES;
				INFOPLIST_KEY_UIApplicationSupportsIndirectInputEvents = YES;
				INFOPLIST_KEY_UILaunchScreen_Generation = YES;
				INFOPLIST_KEY_UISupportedInterfaceOrientations_iPad = "UIInterfaceOrientationPortrait UIInterfaceOrientationPortraitUpsideDown UIInterfaceOrientationLandscapeLeft UIInterfaceOrientationLandscapeRight";
				INFOPLIST_KEY_UISupportedInterfaceOrientations_iPhone = "UIInterfaceOrientationPortrait UIInterfaceOrientationLandscapeLeft UIInterfaceOrientationLandscapeRight";
				LD_RUNPATH_SEARCH_PATHS = (
					"$(inherited)",
					"@executable_path/Frameworks",
				);
				MARKETING_VERSION = 1.0;
				PRODUCT_BUNDLE_IDENTIFIER = "io.interaction-dynamics.Landmarks";
				PRODUCT_NAME = "$(TARGET_NAME)";
				SWIFT_EMIT_LOC_STRINGS = YES;
				SWIFT_VERSION = 5.0;
				TARGETED_DEVICE_FAMILY = "1,2";
			};
			name = Release;
		};
		21B3F122281C0157008CD56B /* Debug */ = {
			isa = XCBuildConfiguration;
			buildSettings = {
				ALWAYS_EMBED_SWIFT_STANDARD_LIBRARIES = YES;
				BUNDLE_LOADER = "$(TEST_HOST)";
				CODE_SIGN_STYLE = Automatic;
				CURRENT_PROJECT_VERSION = 1;
				GENERATE_INFOPLIST_FILE = YES;
				IPHONEOS_DEPLOYMENT_TARGET = 15.4;
				MARKETING_VERSION = 1.0;
				PRODUCT_BUNDLE_IDENTIFIER = "io.interaction-dynamics.LandmarksTests";
				PRODUCT_NAME = "$(TARGET_NAME)";
				SWIFT_EMIT_LOC_STRINGS = NO;
				SWIFT_VERSION = 5.0;
				TARGETED_DEVICE_FAMILY = "1,2";
				TEST_HOST = "$(BUILT_PRODUCTS_DIR)/Landmarks.app/Landmarks";
			};
			name = Debug;
		};
		21B3F123281C0157008CD56B /* Release */ = {
			isa = XCBuildConfiguration;
			buildSettings = {
				ALWAYS_EMBED_SWIFT_STANDARD_LIBRARIES = YES;
				BUNDLE_LOADER = "$(TEST_HOST)";
				CODE_SIGN_STYLE = Automatic;
				CURRENT_PROJECT_VERSION = 1;
				GENERATE_INFOPLIST_FILE = YES;
				IPHONEOS_DEPLOYMENT_TARGET = 15.4;
				MARKETING_VERSION = 1.0;
				PRODUCT_BUNDLE_IDENTIFIER = "io.interaction-dynamics.LandmarksTests";
				PRODUCT_NAME = "$(TARGET_NAME)";
				SWIFT_EMIT_LOC_STRINGS = NO;
				SWIFT_VERSION = 5.0;
				TARGETED_DEVICE_FAMILY = "1,2";
				TEST_HOST = "$(BUILT_PRODUCTS_DIR)/Landmarks.app/Landmarks";
			};
			name = Release;
		};
		21B3F125281C0157008CD56B /* Debug */ = {
			isa = XCBuildConfiguration;
			buildSettings = {
				ALWAYS_EMBED_SWIFT_STANDARD_LIBRARIES = YES;
				CODE_SIGN_STYLE = Automatic;
				CURRENT_PROJECT_VERSION = 1;
				GENERATE_INFOPLIST_FILE = YES;
				MARKETING_VERSION = 1.0;
				PRODUCT_BUNDLE_IDENTIFIER = "io.interaction-dynamics.LandmarksUITests";
				PRODUCT_NAME = "$(TARGET_NAME)";
				SWIFT_EMIT_LOC_STRINGS = NO;
				SWIFT_VERSION = 5.0;
				TARGETED_DEVICE_FAMILY = "1,2";
				TEST_TARGET_NAME = Landmarks;
			};
			name = Debug;
		};
		21B3F126281C0157008CD56B /* Release */ = {
			isa = XCBuildConfiguration;
			buildSettings = {
				ALWAYS_EMBED_SWIFT_STANDARD_LIBRARIES = YES;
				CODE_SIGN_STYLE = Automatic;
				CURRENT_PROJECT_VERSION = 1;
				GENERATE_INFOPLIST_FILE = YES;
				MARKETING_VERSION = 1.0;
				PRODUCT_BUNDLE_IDENTIFIER = "io.interaction-dynamics.LandmarksUITests";
				PRODUCT_NAME = "$(TARGET_NAME)";
				SWIFT_EMIT_LOC_STRINGS = NO;
				SWIFT_VERSION = 5.0;
				TARGETED_DEVICE_FAMILY = "1,2";
				TEST_TARGET_NAME = Landmarks;
			};
			name = Release;
		};
/* End XCBuildConfiguration section */

/* Begin XCConfigurationList section */
		21B3F0F5281C0154008CD56B /* Build configuration list for PBXProject "Landmarks" */ = {
			isa = XCConfigurationList;
			buildConfigurations = (
				21B3F11C281C0157008CD56B /* Debug */,
				21B3F11D281C0157008CD56B /* Release */,
			);
			defaultConfigurationIsVisible = 0;
			defaultConfigurationName = Release;
		};
		21B3F11E281C0157008CD56B /* Build configuration list for PBXNativeTarget "Landmarks" */ = {
			isa = XCConfigurationList;
			buildConfigurations = (
				21B3F11F281C0157008CD56B /* Debug */,
				21B3F120281C0157008CD56B /* Release */,
			);
			defaultConfigurationIsVisible = 0;
			defaultConfigurationName = Release;
		};
		21B3F121281C0157008CD56B /* Build configuration list for PBXNativeTarget "LandmarksTests" */ = {
			isa = XCConfigurationList;
			buildConfigurations = (
				21B3F122281C0157008CD56B /* Debug */,
				21B3F123281C0157008CD56B /* Release */,
			);
			defaultConfigurationIsVisible = 0;
			defaultConfigurationName = Release;
		};
		21B3F124281C0157008CD56B /* Build configuration list for PBXNativeTarget "LandmarksUITests" */ = {
			isa = XCConfigurationList;
			buildConfigurations = (
				21B3F125281C0157008CD56B /* Debug */,
				21B3F126281C0157008CD56B /* Release */,
			);
			defaultConfigurationIsVisible = 0;
			defaultConfigurationName = Release;
		};
/* End XCConfigurationList section */
	};
	rootObject = 21B3F0F2281C0154008CD56B /* Project object */;
}
